
Microsoft Visual Studio Solution File, Format Version 12.00
# Visual Studio Version 17
VisualStudioVersion = 17.9.34728.123
MinimumVisualStudioVersion = 10.0.40219.1
Project("{9A19103F-16F7-4668-BE54-9A1E7A4F7556}") = "Ecommerace", "Ecommerace\Ecommerace.csproj", "{FA829A82-DE95-4C4C-AD32-80E0B7E83AD3}"
EndProject
Global
	GlobalSection(SolutionConfigurationPlatforms) = preSolution
		Debug|Any CPU = Debug|Any CPU
		Release|Any CPU = Release|Any CPU
	EndGlobalSection
	GlobalSection(ProjectConfigurationPlatforms) = postSolution
		{FA829A82-DE95-4C4C-AD32-80E0B7E83AD3}.Debug|Any CPU.ActiveCfg = Debug|Any CPU
		{FA829A82-DE95-4C4C-AD32-80E0B7E83AD3}.Debug|Any CPU.Build.0 = Debug|Any CPU
		{FA829A82-DE95-4C4C-AD32-80E0B7E83AD3}.Release|Any CPU.ActiveCfg = Release|Any CPU
		{FA829A82-DE95-4C4C-AD32-80E0B7E83AD3}.Release|Any CPU.Build.0 = Release|Any CPU
	EndGlobalSection
	GlobalSection(SolutionProperties) = preSolution
		HideSolutionNode = FALSE
	EndGlobalSection
	GlobalSection(ExtensibilityGlobals) = postSolution
		SolutionGuid = {81ED1C24-104E-4409-BBC7-D4E1CB234299}
	EndGlobalSection
EndGlobal
